
Microsoft Visual Studio Solution File, Format Version 12.00
# Visual Studio 2013
VisualStudioVersion = 12.0.31101.0
MinimumVisualStudioVersion = 10.0.40219.1
Project("{8BC9CEB8-8B4A-11D0-8D11-00A0C91BC942}") = "Lista8", "Lista8\Lista8.vcxproj", "{94FF47B2-8F62-494D-9D22-79AB7415D553}"
EndProject
Project("{8BC9CEB8-8B4A-11D0-8D11-00A0C91BC942}") = "Ex2", "Ex2\Ex2.vcxproj", "{3AB1EF6A-6490-41FB-8F69-BF4D80019CF8}"
EndProject
Global
	GlobalSection(SolutionConfigurationPlatforms) = preSolution
		Debug|Win32 = Debug|Win32
		Release|Win32 = Release|Win32
	EndGlobalSection
	GlobalSection(ProjectConfigurationPlatforms) = postSolution
		{94FF47B2-8F62-494D-9D22-79AB7415D553}.Debug|Win32.ActiveCfg = Debug|Win32
		{94FF47B2-8F62-494D-9D22-79AB7415D553}.Debug|Win32.Build.0 = Debug|Win32
		{94FF47B2-8F62-494D-9D22-79AB7415D553}.Release|Win32.ActiveCfg = Release|Win32
		{94FF47B2-8F62-494D-9D22-79AB7415D553}.Release|Win32.Build.0 = Release|Win32
		{3AB1EF6A-6490-41FB-8F69-BF4D80019CF8}.Debug|Win32.ActiveCfg = Debug|Win32
		{3AB1EF6A-6490-41FB-8F69-BF4D80019CF8}.Debug|Win32.Build.0 = Debug|Win32
		{3AB1EF6A-6490-41FB-8F69-BF4D80019CF8}.Release|Win32.ActiveCfg = Release|Win32
		{3AB1EF6A-6490-41FB-8F69-BF4D80019CF8}.Release|Win32.Build.0 = Release|Win32
	EndGlobalSection
	GlobalSection(SolutionProperties) = preSolution
		HideSolutionNode = FALSE
	EndGlobalSection
EndGlobal
